
Microsoft Visual Studio Solution File, Format Version 12.00
# Visual Studio Version 16
VisualStudioVersion = 16.0.31410.357
MinimumVisualStudioVersion = 10.0.40219.1
Project("{FAE04EC0-301F-11D3-BF4B-00C04F79EFBC}") = "KnowledgeSpace.BackendServer", "src\KnowledgeSpace.BackendServer\KnowledgeSpace.BackendServer.csproj", "{C0B78E87-A35F-48A1-A78D-137B7B4F2B12}"
EndProject
Project("{FAE04EC0-301F-11D3-BF4B-00C04F79EFBC}") = "KnowledgeSpace.Portal", "src\KnowledgeSpace.Portal\KnowledgeSpace.Portal.csproj", "{91782C6B-1063-4463-B6EB-72483B586102}"
EndProject
Project("{FAE04EC0-301F-11D3-BF4B-00C04F79EFBC}") = "KnowledgeSpace.ViewModels", "src\KnowledgeSpace.ViewModels\KnowledgeSpace.ViewModels.csproj", "{069E97F5-CAC7-4216-B3B6-11E80A660313}"
EndProject
Project("{2150E333-8FDC-42A3-9474-1A3956D46DE8}") = "Solution Items", "Solution Items", "{63A94F61-99EF-4158-9E7E-6BDDDE6C75D0}"
	ProjectSection(SolutionItems) = preProject
		README.md = README.md
	EndProjectSection
EndProject
Global
	GlobalSection(SolutionConfigurationPlatforms) = preSolution
		Debug|Any CPU = Debug|Any CPU
		Release|Any CPU = Release|Any CPU
	EndGlobalSection
	GlobalSection(ProjectConfigurationPlatforms) = postSolution
		{C0B78E87-A35F-48A1-A78D-137B7B4F2B12}.Debug|Any CPU.ActiveCfg = Debug|Any CPU
		{C0B78E87-A35F-48A1-A78D-137B7B4F2B12}.Debug|Any CPU.Build.0 = Debug|Any CPU
		{C0B78E87-A35F-48A1-A78D-137B7B4F2B12}.Release|Any CPU.ActiveCfg = Release|Any CPU
		{C0B78E87-A35F-48A1-A78D-137B7B4F2B12}.Release|Any CPU.Build.0 = Release|Any CPU
		{91782C6B-1063-4463-B6EB-72483B586102}.Debug|Any CPU.ActiveCfg = Debug|Any CPU
		{91782C6B-1063-4463-B6EB-72483B586102}.Debug|Any CPU.Build.0 = Debug|Any CPU
		{91782C6B-1063-4463-B6EB-72483B586102}.Release|Any CPU.ActiveCfg = Release|Any CPU
		{91782C6B-1063-4463-B6EB-72483B586102}.Release|Any CPU.Build.0 = Release|Any CPU
		{069E97F5-CAC7-4216-B3B6-11E80A660313}.Debug|Any CPU.ActiveCfg = Debug|Any CPU
		{069E97F5-CAC7-4216-B3B6-11E80A660313}.Debug|Any CPU.Build.0 = Debug|Any CPU
		{069E97F5-CAC7-4216-B3B6-11E80A660313}.Release|Any CPU.ActiveCfg = Release|Any CPU
		{069E97F5-CAC7-4216-B3B6-11E80A660313}.Release|Any CPU.Build.0 = Release|Any CPU
	EndGlobalSection
	GlobalSection(SolutionProperties) = preSolution
		HideSolutionNode = FALSE
	EndGlobalSection
	GlobalSection(ExtensibilityGlobals) = postSolution
		SolutionGuid = {2AC6836A-8401-48AC-9189-9BD2918D321B}
	EndGlobalSection
EndGlobal
